// !$*UTF8*$!
{
	archiveVersion = 1;
	classes = {
	};
	objectVersion = 55;
	objects = {

/* Begin PBXBuildFile section */
		17633F814A2064F5C7A126CC /* Pods_KeasyBoardExtension.framework in Frameworks */ = {isa = PBXBuildFile; fileRef = 701A7AD35613DA20A9C469F7 /* Pods_KeasyBoardExtension.framework */; };
		4D488C6C1D06A53E9FF64FA0 /* Pods_KeasyBoard.framework in Frameworks */ = {isa = PBXBuildFile; fileRef = A38371F5BE8523485E05A76A /* Pods_KeasyBoard.framework */; };
		CE224A8B31960EEC4B4C418B /* Pods_WordBasePopulator.framework in Frameworks */ = {isa = PBXBuildFile; fileRef = 12D22965F9109A43B9E6DF1E /* Pods_WordBasePopulator.framework */; };
		D2520E4627058E8900DD43C4 /* KeasyBoardView.swift in Sources */ = {isa = PBXBuildFile; fileRef = D2520E4527058E8900DD43C4 /* KeasyBoardView.swift */; };
		D2520E482705AAD600DD43C4 /* KeasyStyleManager.swift in Sources */ = {isa = PBXBuildFile; fileRef = D2520E472705AAD600DD43C4 /* KeasyStyleManager.swift */; };
		D2520E4A2705B3CB00DD43C4 /* KeasyFontManager.swift in Sources */ = {isa = PBXBuildFile; fileRef = D2520E492705B3CB00DD43C4 /* KeasyFontManager.swift */; };
		D2520E58270AF80900DD43C4 /* AppDelegate.swift in Sources */ = {isa = PBXBuildFile; fileRef = D2520E57270AF80900DD43C4 /* AppDelegate.swift */; };
		D2520E5C270AF80900DD43C4 /* ViewController.swift in Sources */ = {isa = PBXBuildFile; fileRef = D2520E5B270AF80900DD43C4 /* ViewController.swift */; };
		D2520E5F270AF80900DD43C4 /* Main.storyboard in Resources */ = {isa = PBXBuildFile; fileRef = D2520E5D270AF80900DD43C4 /* Main.storyboard */; };
		D2520E64270AF80A00DD43C4 /* Assets.xcassets in Resources */ = {isa = PBXBuildFile; fileRef = D2520E63270AF80A00DD43C4 /* Assets.xcassets */; };
		D2520E67270AF80A00DD43C4 /* LaunchScreen.storyboard in Resources */ = {isa = PBXBuildFile; fileRef = D2520E65270AF80A00DD43C4 /* LaunchScreen.storyboard */; };
		D2520E6F270AF84700DD43C4 /* simplex.txt in Resources */ = {isa = PBXBuildFile; fileRef = D2520E6D270AF84700DD43C4 /* simplex.txt */; };
		D2520E70270AF84700DD43C4 /* cangjie.txt in Resources */ = {isa = PBXBuildFile; fileRef = D2520E6E270AF84700DD43C4 /* cangjie.txt */; };
		D2520E75270AFFED00DD43C4 /* Simplex.xcdatamodeld in Sources */ = {isa = PBXBuildFile; fileRef = D2520E72270AF86400DD43C4 /* Simplex.xcdatamodeld */; };
		D2520E7A270B060A00DD43C4 /* KeasyInputMethodManager.swift in Sources */ = {isa = PBXBuildFile; fileRef = D2520E79270B060A00DD43C4 /* KeasyInputMethodManager.swift */; };
		D2520E85270BEA0A00DD43C4 /* KeasyWord.swift in Sources */ = {isa = PBXBuildFile; fileRef = D2520E84270BEA0A00DD43C4 /* KeasyWord.swift */; };
		D2520E88270C066200DD43C4 /* IME.xcdatamodeld in Sources */ = {isa = PBXBuildFile; fileRef = D2520E86270C066200DD43C4 /* IME.xcdatamodeld */; };
		D2520E8C270C08B500DD43C4 /* Simplex.sqlite-shm in Resources */ = {isa = PBXBuildFile; fileRef = D2520E89270C08B500DD43C4 /* Simplex.sqlite-shm */; };
		D2520E8D270C08B500DD43C4 /* Simplex.sqlite-wal in Resources */ = {isa = PBXBuildFile; fileRef = D2520E8A270C08B500DD43C4 /* Simplex.sqlite-wal */; };
		D2520E8E270C08B500DD43C4 /* Simplex.sqlite in Resources */ = {isa = PBXBuildFile; fileRef = D2520E8B270C08B500DD43C4 /* Simplex.sqlite */; };
		D2C08ADC2702FD4C002B1ABD /* KeasyKeyViewModel.swift in Sources */ = {isa = PBXBuildFile; fileRef = D2C08ADB2702FD4C002B1ABD /* KeasyKeyViewModel.swift */; };
		D2C08ADD27030CA2002B1ABD /* Assets.xcassets in Resources */ = {isa = PBXBuildFile; fileRef = D2E3DFAE2702C18400C1F25F /* Assets.xcassets */; };
		D2C08AE027040344002B1ABD /* KeasyBoardRow.swift in Sources */ = {isa = PBXBuildFile; fileRef = D2C08ADF27040344002B1ABD /* KeasyBoardRow.swift */; };
		D2C08AE427040544002B1ABD /* ArrayExtension.swift in Sources */ = {isa = PBXBuildFile; fileRef = D2C08AE327040544002B1ABD /* ArrayExtension.swift */; };
		D2C08AE727040A02002B1ABD /* KeasySpacingManager.swift in Sources */ = {isa = PBXBuildFile; fileRef = D2C08AE627040A02002B1ABD /* KeasySpacingManager.swift */; };
		D2C08AE927045031002B1ABD /* DoubleExtension.swift in Sources */ = {isa = PBXBuildFile; fileRef = D2C08AE827045031002B1ABD /* DoubleExtension.swift */; };
		D2C08AEB27045A6C002B1ABD /* KeasyKeyPair.swift in Sources */ = {isa = PBXBuildFile; fileRef = D2C08AEA27045A6C002B1ABD /* KeasyKeyPair.swift */; };
		D2C08AED27046427002B1ABD /* KeasyKeyPairViewModel.swift in Sources */ = {isa = PBXBuildFile; fileRef = D2C08AEC27046427002B1ABD /* KeasyKeyPairViewModel.swift */; };
		D2C08AEF27046D67002B1ABD /* ColorExtension.swift in Sources */ = {isa = PBXBuildFile; fileRef = D2C08AEE27046D67002B1ABD /* ColorExtension.swift */; };
		D2C08AF127055A6C002B1ABD /* KeasyBoardRowViewModel.swift in Sources */ = {isa = PBXBuildFile; fileRef = D2C08AF027055A6C002B1ABD /* KeasyBoardRowViewModel.swift */; };
		D2C08AF427056477002B1ABD /* Observable.swift in Sources */ = {isa = PBXBuildFile; fileRef = D2C08AF327056477002B1ABD /* Observable.swift */; };
		D2E3DFA62702C18200C1F25F /* AppDelegate.swift in Sources */ = {isa = PBXBuildFile; fileRef = D2E3DFA52702C18200C1F25F /* AppDelegate.swift */; };
		D2E3DFAA2702C18200C1F25F /* ViewController.swift in Sources */ = {isa = PBXBuildFile; fileRef = D2E3DFA92702C18200C1F25F /* ViewController.swift */; };
		D2E3DFAD2702C18200C1F25F /* Main.storyboard in Resources */ = {isa = PBXBuildFile; fileRef = D2E3DFAB2702C18200C1F25F /* Main.storyboard */; };
		D2E3DFAF2702C18400C1F25F /* Assets.xcassets in Resources */ = {isa = PBXBuildFile; fileRef = D2E3DFAE2702C18400C1F25F /* Assets.xcassets */; };
		D2E3DFB22702C18400C1F25F /* LaunchScreen.storyboard in Resources */ = {isa = PBXBuildFile; fileRef = D2E3DFB02702C18400C1F25F /* LaunchScreen.storyboard */; };
		D2E3DFC02702C26500C1F25F /* KeasyBoardViewController.swift in Sources */ = {isa = PBXBuildFile; fileRef = D2E3DFBF2702C26500C1F25F /* KeasyBoardViewController.swift */; };
		D2E3DFC42702C26500C1F25F /* KeasyBoardExtension.appex in Embed App Extensions */ = {isa = PBXBuildFile; fileRef = D2E3DFBD2702C26500C1F25F /* KeasyBoardExtension.appex */; settings = {ATTRIBUTES = (RemoveHeadersOnCopy, ); }; };
		D2E3DFCC2702EFF700C1F25F /* KeasyBoard.swift in Sources */ = {isa = PBXBuildFile; fileRef = D2E3DFCB2702EFF700C1F25F /* KeasyBoard.swift */; };
		D2E3DFCE2702F3A300C1F25F /* KeasyKeyCell.swift in Sources */ = {isa = PBXBuildFile; fileRef = D2E3DFCD2702F3A300C1F25F /* KeasyKeyCell.swift */; };
		D2E3DFD02702F3C900C1F25F /* KeasyKey.swift in Sources */ = {isa = PBXBuildFile; fileRef = D2E3DFCF2702F3C900C1F25F /* KeasyKey.swift */; };
		D2E3DFD22702F8CD00C1F25F /* KeasyBoardViewModel.swift in Sources */ = {isa = PBXBuildFile; fileRef = D2E3DFD12702F8CD00C1F25F /* KeasyBoardViewModel.swift */; };
		D2F39E362709C36200E7D0C5 /* StringExtension.swift in Sources */ = {isa = PBXBuildFile; fileRef = D2F39E352709C36200E7D0C5 /* StringExtension.swift */; };
		D2F39E39270C900000E7D0C5 /* ImageAsset.xcassets in Resources */ = {isa = PBXBuildFile; fileRef = D2F39E38270C900000E7D0C5 /* ImageAsset.xcassets */; };
/* End PBXBuildFile section */

/* Begin PBXContainerItemProxy section */
		D2E3DFC22702C26500C1F25F /* PBXContainerItemProxy */ = {
			isa = PBXContainerItemProxy;
			containerPortal = D2E3DF9A2702C18200C1F25F /* Project object */;
			proxyType = 1;
			remoteGlobalIDString = D2E3DFBC2702C26500C1F25F;
			remoteInfo = suchengKeyboard;
		};
/* End PBXContainerItemProxy section */

/* Begin PBXCopyFilesBuildPhase section */
		D2E3DFC82702C26500C1F25F /* Embed App Extensions */ = {
			isa = PBXCopyFilesBuildPhase;
			buildActionMask = 2147483647;
			dstPath = "";
			dstSubfolderSpec = 13;
			files = (
				D2E3DFC42702C26500C1F25F /* KeasyBoardExtension.appex in Embed App Extensions */,
			);
			name = "Embed App Extensions";
			runOnlyForDeploymentPostprocessing = 0;
		};
/* End PBXCopyFilesBuildPhase section */

/* Begin PBXFileReference section */
		12D22965F9109A43B9E6DF1E /* Pods_WordBasePopulator.framework */ = {isa = PBXFileReference; explicitFileType = wrapper.framework; includeInIndex = 0; path = Pods_WordBasePopulator.framework; sourceTree = BUILT_PRODUCTS_DIR; };
		48040C229A8CC2DC83A6EF51 /* Pods-KeasyBoard.debug.xcconfig */ = {isa = PBXFileReference; includeInIndex = 1; lastKnownFileType = text.xcconfig; name = "Pods-KeasyBoard.debug.xcconfig"; path = "Target Support Files/Pods-KeasyBoard/Pods-KeasyBoard.debug.xcconfig"; sourceTree = "<group>"; };
		4DF2B6A336E95766490D7FD6 /* Pods-KeasyBoardExtension.release.xcconfig */ = {isa = PBXFileReference; includeInIndex = 1; lastKnownFileType = text.xcconfig; name = "Pods-KeasyBoardExtension.release.xcconfig"; path = "Target Support Files/Pods-KeasyBoardExtension/Pods-KeasyBoardExtension.release.xcconfig"; sourceTree = "<group>"; };
		53E8CF4B6B9CC9AC451CBCA2 /* Pods-WordBasePopulator.debug.xcconfig */ = {isa = PBXFileReference; includeInIndex = 1; lastKnownFileType = text.xcconfig; name = "Pods-WordBasePopulator.debug.xcconfig"; path = "Target Support Files/Pods-WordBasePopulator/Pods-WordBasePopulator.debug.xcconfig"; sourceTree = "<group>"; };
		701A7AD35613DA20A9C469F7 /* Pods_KeasyBoardExtension.framework */ = {isa = PBXFileReference; explicitFileType = wrapper.framework; includeInIndex = 0; path = Pods_KeasyBoardExtension.framework; sourceTree = BUILT_PRODUCTS_DIR; };
		7F9ADFC3B90069E183EC8B7F /* Pods-KeasyBoard.release.xcconfig */ = {isa = PBXFileReference; includeInIndex = 1; lastKnownFileType = text.xcconfig; name = "Pods-KeasyBoard.release.xcconfig"; path = "Target Support Files/Pods-KeasyBoard/Pods-KeasyBoard.release.xcconfig"; sourceTree = "<group>"; };
		8A77B8E0B31321EDDA3C40BB /* Pods-WordBasePopulator.release.xcconfig */ = {isa = PBXFileReference; includeInIndex = 1; lastKnownFileType = text.xcconfig; name = "Pods-WordBasePopulator.release.xcconfig"; path = "Target Support Files/Pods-WordBasePopulator/Pods-WordBasePopulator.release.xcconfig"; sourceTree = "<group>"; };
		A274684C78F80D50A95CCEFD /* Pods-KeasyBoardExtension.debug.xcconfig */ = {isa = PBXFileReference; includeInIndex = 1; lastKnownFileType = text.xcconfig; name = "Pods-KeasyBoardExtension.debug.xcconfig"; path = "Target Support Files/Pods-KeasyBoardExtension/Pods-KeasyBoardExtension.debug.xcconfig"; sourceTree = "<group>"; };
		A38371F5BE8523485E05A76A /* Pods_KeasyBoard.framework */ = {isa = PBXFileReference; explicitFileType = wrapper.framework; includeInIndex = 0; path = Pods_KeasyBoard.framework; sourceTree = BUILT_PRODUCTS_DIR; };
		D2520E4527058E8900DD43C4 /* KeasyBoardView.swift */ = {isa = PBXFileReference; lastKnownFileType = sourcecode.swift; path = KeasyBoardView.swift; sourceTree = "<group>"; };
		D2520E472705AAD600DD43C4 /* KeasyStyleManager.swift */ = {isa = PBXFileReference; lastKnownFileType = sourcecode.swift; path = KeasyStyleManager.swift; sourceTree = "<group>"; };
		D2520E492705B3CB00DD43C4 /* KeasyFontManager.swift */ = {isa = PBXFileReference; lastKnownFileType = sourcecode.swift; path = KeasyFontManager.swift; sourceTree = "<group>"; };
		D2520E55270AF80900DD43C4 /* WordBasePopulator.app */ = {isa = PBXFileReference; explicitFileType = wrapper.application; includeInIndex = 0; path = WordBasePopulator.app; sourceTree = BUILT_PRODUCTS_DIR; };
		D2520E57270AF80900DD43C4 /* AppDelegate.swift */ = {isa = PBXFileReference; lastKnownFileType = sourcecode.swift; path = AppDelegate.swift; sourceTree = "<group>"; };
		D2520E5B270AF80900DD43C4 /* ViewController.swift */ = {isa = PBXFileReference; lastKnownFileType = sourcecode.swift; path = ViewController.swift; sourceTree = "<group>"; };
		D2520E5E270AF80900DD43C4 /* Base */ = {isa = PBXFileReference; lastKnownFileType = file.storyboard; name = Base; path = Base.lproj/Main.storyboard; sourceTree = "<group>"; };
		D2520E63270AF80A00DD43C4 /* Assets.xcassets */ = {isa = PBXFileReference; lastKnownFileType = folder.assetcatalog; path = Assets.xcassets; sourceTree = "<group>"; };
		D2520E66270AF80A00DD43C4 /* Base */ = {isa = PBXFileReference; lastKnownFileType = file.storyboard; name = Base; path = Base.lproj/LaunchScreen.storyboard; sourceTree = "<group>"; };
		D2520E68270AF80A00DD43C4 /* Info.plist */ = {isa = PBXFileReference; lastKnownFileType = text.plist.xml; path = Info.plist; sourceTree = "<group>"; };
		D2520E6D270AF84700DD43C4 /* simplex.txt */ = {isa = PBXFileReference; fileEncoding = 4; lastKnownFileType = text; path = simplex.txt; sourceTree = "<group>"; };
		D2520E6E270AF84700DD43C4 /* cangjie.txt */ = {isa = PBXFileReference; fileEncoding = 4; lastKnownFileType = text; path = cangjie.txt; sourceTree = "<group>"; };
		D2520E73270AF86400DD43C4 /* Model.xcdatamodel */ = {isa = PBXFileReference; lastKnownFileType = wrapper.xcdatamodel; path = Model.xcdatamodel; sourceTree = "<group>"; };
		D2520E79270B060A00DD43C4 /* KeasyInputMethodManager.swift */ = {isa = PBXFileReference; lastKnownFileType = sourcecode.swift; path = KeasyInputMethodManager.swift; sourceTree = "<group>"; };
		D2520E84270BEA0A00DD43C4 /* KeasyWord.swift */ = {isa = PBXFileReference; lastKnownFileType = sourcecode.swift; path = KeasyWord.swift; sourceTree = "<group>"; };
		D2520E87270C066200DD43C4 /* Model.xcdatamodel */ = {isa = PBXFileReference; lastKnownFileType = wrapper.xcdatamodel; path = Model.xcdatamodel; sourceTree = "<group>"; };
		D2520E89270C08B500DD43C4 /* Simplex.sqlite-shm */ = {isa = PBXFileReference; lastKnownFileType = file; path = "Simplex.sqlite-shm"; sourceTree = "<group>"; };
		D2520E8A270C08B500DD43C4 /* Simplex.sqlite-wal */ = {isa = PBXFileReference; lastKnownFileType = file; path = "Simplex.sqlite-wal"; sourceTree = "<group>"; };
		D2520E8B270C08B500DD43C4 /* Simplex.sqlite */ = {isa = PBXFileReference; lastKnownFileType = file; path = Simplex.sqlite; sourceTree = "<group>"; };
		D2C08ADB2702FD4C002B1ABD /* KeasyKeyViewModel.swift */ = {isa = PBXFileReference; lastKnownFileType = sourcecode.swift; path = KeasyKeyViewModel.swift; sourceTree = "<group>"; };
		D2C08ADF27040344002B1ABD /* KeasyBoardRow.swift */ = {isa = PBXFileReference; lastKnownFileType = sourcecode.swift; path = KeasyBoardRow.swift; sourceTree = "<group>"; };
		D2C08AE327040544002B1ABD /* ArrayExtension.swift */ = {isa = PBXFileReference; lastKnownFileType = sourcecode.swift; path = ArrayExtension.swift; sourceTree = "<group>"; };
		D2C08AE627040A02002B1ABD /* KeasySpacingManager.swift */ = {isa = PBXFileReference; lastKnownFileType = sourcecode.swift; path = KeasySpacingManager.swift; sourceTree = "<group>"; };
		D2C08AE827045031002B1ABD /* DoubleExtension.swift */ = {isa = PBXFileReference; lastKnownFileType = sourcecode.swift; path = DoubleExtension.swift; sourceTree = "<group>"; };
		D2C08AEA27045A6C002B1ABD /* KeasyKeyPair.swift */ = {isa = PBXFileReference; lastKnownFileType = sourcecode.swift; path = KeasyKeyPair.swift; sourceTree = "<group>"; };
		D2C08AEC27046427002B1ABD /* KeasyKeyPairViewModel.swift */ = {isa = PBXFileReference; lastKnownFileType = sourcecode.swift; path = KeasyKeyPairViewModel.swift; sourceTree = "<group>"; };
		D2C08AEE27046D67002B1ABD /* ColorExtension.swift */ = {isa = PBXFileReference; lastKnownFileType = sourcecode.swift; path = ColorExtension.swift; sourceTree = "<group>"; };
		D2C08AF027055A6C002B1ABD /* KeasyBoardRowViewModel.swift */ = {isa = PBXFileReference; lastKnownFileType = sourcecode.swift; path = KeasyBoardRowViewModel.swift; sourceTree = "<group>"; };
		D2C08AF327056477002B1ABD /* Observable.swift */ = {isa = PBXFileReference; lastKnownFileType = sourcecode.swift; path = Observable.swift; sourceTree = "<group>"; };
		D2E3DFA22702C18200C1F25F /* KeasyBoard.app */ = {isa = PBXFileReference; explicitFileType = wrapper.application; includeInIndex = 0; path = KeasyBoard.app; sourceTree = BUILT_PRODUCTS_DIR; };
		D2E3DFA52702C18200C1F25F /* AppDelegate.swift */ = {isa = PBXFileReference; lastKnownFileType = sourcecode.swift; path = AppDelegate.swift; sourceTree = "<group>"; };
		D2E3DFA92702C18200C1F25F /* ViewController.swift */ = {isa = PBXFileReference; lastKnownFileType = sourcecode.swift; path = ViewController.swift; sourceTree = "<group>"; };
		D2E3DFAC2702C18200C1F25F /* Base */ = {isa = PBXFileReference; lastKnownFileType = file.storyboard; name = Base; path = Base.lproj/Main.storyboard; sourceTree = "<group>"; };
		D2E3DFAE2702C18400C1F25F /* Assets.xcassets */ = {isa = PBXFileReference; lastKnownFileType = folder.assetcatalog; path = Assets.xcassets; sourceTree = "<group>"; };
		D2E3DFB12702C18400C1F25F /* Base */ = {isa = PBXFileReference; lastKnownFileType = file.storyboard; name = Base; path = Base.lproj/LaunchScreen.storyboard; sourceTree = "<group>"; };
		D2E3DFB32702C18400C1F25F /* Info.plist */ = {isa = PBXFileReference; lastKnownFileType = text.plist.xml; path = Info.plist; sourceTree = "<group>"; };
		D2E3DFBD2702C26500C1F25F /* KeasyBoardExtension.appex */ = {isa = PBXFileReference; explicitFileType = "wrapper.app-extension"; includeInIndex = 0; path = KeasyBoardExtension.appex; sourceTree = BUILT_PRODUCTS_DIR; };
		D2E3DFBF2702C26500C1F25F /* KeasyBoardViewController.swift */ = {isa = PBXFileReference; lastKnownFileType = sourcecode.swift; path = KeasyBoardViewController.swift; sourceTree = "<group>"; };
		D2E3DFC12702C26500C1F25F /* Info.plist */ = {isa = PBXFileReference; lastKnownFileType = text.plist.xml; path = Info.plist; sourceTree = "<group>"; };
		D2E3DFC92702C57100C1F25F /* keasyBoard.entitlements */ = {isa = PBXFileReference; lastKnownFileType = text.plist.entitlements; path = keasyBoard.entitlements; sourceTree = "<group>"; };
		D2E3DFCB2702EFF700C1F25F /* KeasyBoard.swift */ = {isa = PBXFileReference; lastKnownFileType = sourcecode.swift; path = KeasyBoard.swift; sourceTree = "<group>"; };
		D2E3DFCD2702F3A300C1F25F /* KeasyKeyCell.swift */ = {isa = PBXFileReference; lastKnownFileType = sourcecode.swift; path = KeasyKeyCell.swift; sourceTree = "<group>"; };
		D2E3DFCF2702F3C900C1F25F /* KeasyKey.swift */ = {isa = PBXFileReference; lastKnownFileType = sourcecode.swift; path = KeasyKey.swift; sourceTree = "<group>"; };
		D2E3DFD12702F8CD00C1F25F /* KeasyBoardViewModel.swift */ = {isa = PBXFileReference; lastKnownFileType = sourcecode.swift; path = KeasyBoardViewModel.swift; sourceTree = "<group>"; };
		D2F39E352709C36200E7D0C5 /* StringExtension.swift */ = {isa = PBXFileReference; lastKnownFileType = sourcecode.swift; path = StringExtension.swift; sourceTree = "<group>"; };
		D2F39E38270C900000E7D0C5 /* ImageAsset.xcassets */ = {isa = PBXFileReference; lastKnownFileType = folder.assetcatalog; path = ImageAsset.xcassets; sourceTree = "<group>"; };
/* End PBXFileReference section */

/* Begin PBXFrameworksBuildPhase section */
		D2520E52270AF80900DD43C4 /* Frameworks */ = {
			isa = PBXFrameworksBuildPhase;
			buildActionMask = 2147483647;
			files = (
				CE224A8B31960EEC4B4C418B /* Pods_WordBasePopulator.framework in Frameworks */,
			);
			runOnlyForDeploymentPostprocessing = 0;
		};
		D2E3DF9F2702C18200C1F25F /* Frameworks */ = {
			isa = PBXFrameworksBuildPhase;
			buildActionMask = 2147483647;
			files = (
				4D488C6C1D06A53E9FF64FA0 /* Pods_KeasyBoard.framework in Frameworks */,
			);
			runOnlyForDeploymentPostprocessing = 0;
		};
		D2E3DFBA2702C26500C1F25F /* Frameworks */ = {
			isa = PBXFrameworksBuildPhase;
			buildActionMask = 2147483647;
			files = (
				17633F814A2064F5C7A126CC /* Pods_KeasyBoardExtension.framework in Frameworks */,
			);
			runOnlyForDeploymentPostprocessing = 0;
		};
/* End PBXFrameworksBuildPhase section */

/* Begin PBXGroup section */
		D2520E4427058E6C00DD43C4 /* UI */ = {
			isa = PBXGroup;
			children = (
				D2520E4527058E8900DD43C4 /* KeasyBoardView.swift */,
				D2E3DFD12702F8CD00C1F25F /* KeasyBoardViewModel.swift */,
				D2C08AF027055A6C002B1ABD /* KeasyBoardRowViewModel.swift */,
			);
			path = UI;
			sourceTree = "<group>";
		};
		D2520E4C270AD1FD00DD43C4 /* LocalStorage */ = {
			isa = PBXGroup;
			children = (
				D2520E86270C066200DD43C4 /* IME.xcdatamodeld */,
				D2520E8B270C08B500DD43C4 /* Simplex.sqlite */,
				D2520E89270C08B500DD43C4 /* Simplex.sqlite-shm */,
				D2520E8A270C08B500DD43C4 /* Simplex.sqlite-wal */,
			);
			path = LocalStorage;
			sourceTree = "<group>";
		};
		D2520E56270AF80900DD43C4 /* WordBasePopulator */ = {
			isa = PBXGroup;
			children = (
				D2520E57270AF80900DD43C4 /* AppDelegate.swift */,
				D2520E5B270AF80900DD43C4 /* ViewController.swift */,
				D2520E74270AF87700DD43C4 /* DataModels */,
				D2520E6C270AF83900DD43C4 /* WordBases */,
				D2520E5D270AF80900DD43C4 /* Main.storyboard */,
				D2520E63270AF80A00DD43C4 /* Assets.xcassets */,
				D2520E65270AF80A00DD43C4 /* LaunchScreen.storyboard */,
				D2520E68270AF80A00DD43C4 /* Info.plist */,
			);
			path = WordBasePopulator;
			sourceTree = "<group>";
		};
		D2520E6C270AF83900DD43C4 /* WordBases */ = {
			isa = PBXGroup;
			children = (
				D2520E6E270AF84700DD43C4 /* cangjie.txt */,
				D2520E6D270AF84700DD43C4 /* simplex.txt */,
			);
			path = WordBases;
			sourceTree = "<group>";
		};
		D2520E74270AF87700DD43C4 /* DataModels */ = {
			isa = PBXGroup;
			children = (
				D2520E72270AF86400DD43C4 /* Simplex.xcdatamodeld */,
			);
			path = DataModels;
			sourceTree = "<group>";
		};
		D2520E81270BE94000DD43C4 /* Word */ = {
			isa = PBXGroup;
			children = (
				D2520E84270BEA0A00DD43C4 /* KeasyWord.swift */,
			);
			path = Word;
			sourceTree = "<group>";
		};
		D2C08AD92702FD09002B1ABD /* Components */ = {
			isa = PBXGroup;
			children = (
				D2520E81270BE94000DD43C4 /* Word */,
				D2C08ADE2704031E002B1ABD /* Board */,
				D2C08ADA2702FD2C002B1ABD /* Key */,
			);
			path = Components;
			sourceTree = "<group>";
		};
		D2C08ADA2702FD2C002B1ABD /* Key */ = {
			isa = PBXGroup;
			children = (
				D2E3DFCF2702F3C900C1F25F /* KeasyKey.swift */,
				D2C08AEA27045A6C002B1ABD /* KeasyKeyPair.swift */,
				D2C08AE127040364002B1ABD /* UI */,
			);
			path = Key;
			sourceTree = "<group>";
		};
		D2C08ADE2704031E002B1ABD /* Board */ = {
			isa = PBXGroup;
			children = (
				D2E3DFCB2702EFF700C1F25F /* KeasyBoard.swift */,
				D2C08ADF27040344002B1ABD /* KeasyBoardRow.swift */,
				D2520E4427058E6C00DD43C4 /* UI */,
			);
			path = Board;
			sourceTree = "<group>";
		};
		D2C08AE127040364002B1ABD /* UI */ = {
			isa = PBXGroup;
			children = (
				D2E3DFCD2702F3A300C1F25F /* KeasyKeyCell.swift */,
				D2C08AEC27046427002B1ABD /* KeasyKeyPairViewModel.swift */,
				D2C08ADB2702FD4C002B1ABD /* KeasyKeyViewModel.swift */,
			);
			path = UI;
			sourceTree = "<group>";
		};
		D2C08AE227040524002B1ABD /* Extensions */ = {
			isa = PBXGroup;
			children = (
				D2C08AE327040544002B1ABD /* ArrayExtension.swift */,
				D2C08AE827045031002B1ABD /* DoubleExtension.swift */,
				D2C08AEE27046D67002B1ABD /* ColorExtension.swift */,
				D2F39E352709C36200E7D0C5 /* StringExtension.swift */,
			);
			path = Extensions;
			sourceTree = "<group>";
		};
		D2C08AE5270409E0002B1ABD /* Managers */ = {
			isa = PBXGroup;
			children = (
				D2520E79270B060A00DD43C4 /* KeasyInputMethodManager.swift */,
				D2520E492705B3CB00DD43C4 /* KeasyFontManager.swift */,
				D2520E472705AAD600DD43C4 /* KeasyStyleManager.swift */,
				D2C08AE627040A02002B1ABD /* KeasySpacingManager.swift */,
			);
			path = Managers;
			sourceTree = "<group>";
		};
		D2C08AF227056462002B1ABD /* DataBinding */ = {
			isa = PBXGroup;
			children = (
				D2C08AF327056477002B1ABD /* Observable.swift */,
			);
			path = DataBinding;
			sourceTree = "<group>";
		};
		D2E3DF992702C18200C1F25F = {
			isa = PBXGroup;
			children = (
				D2E3DFA42702C18200C1F25F /* KeasyBoard */,
				D2E3DFBE2702C26500C1F25F /* KeasyBoardExtension */,
				D2520E56270AF80900DD43C4 /* WordBasePopulator */,
				D2E3DFA32702C18200C1F25F /* Products */,
				F2CB48010647BE92B7A6F83A /* Pods */,
				D36A2A5AB7F1950F46553ED0 /* Frameworks */,
			);
			sourceTree = "<group>";
		};
		D2E3DFA32702C18200C1F25F /* Products */ = {
			isa = PBXGroup;
			children = (
				D2E3DFA22702C18200C1F25F /* KeasyBoard.app */,
				D2E3DFBD2702C26500C1F25F /* KeasyBoardExtension.appex */,
				D2520E55270AF80900DD43C4 /* WordBasePopulator.app */,
			);
			name = Products;
			sourceTree = "<group>";
		};
		D2E3DFA42702C18200C1F25F /* KeasyBoard */ = {
			isa = PBXGroup;
			children = (
				D2E3DFC92702C57100C1F25F /* keasyBoard.entitlements */,
				D2E3DFA52702C18200C1F25F /* AppDelegate.swift */,
				D2E3DFA92702C18200C1F25F /* ViewController.swift */,
				D2E3DFAB2702C18200C1F25F /* Main.storyboard */,
				D2E3DFAE2702C18400C1F25F /* Assets.xcassets */,
				D2E3DFB02702C18400C1F25F /* LaunchScreen.storyboard */,
				D2E3DFB32702C18400C1F25F /* Info.plist */,
			);
			path = KeasyBoard;
			sourceTree = "<group>";
		};
		D2E3DFBE2702C26500C1F25F /* KeasyBoardExtension */ = {
			isa = PBXGroup;
			children = (
				D2E3DFBF2702C26500C1F25F /* KeasyBoardViewController.swift */,
				D2C08AD92702FD09002B1ABD /* Components */,
				D2C08AE5270409E0002B1ABD /* Managers */,
				D2C08AE227040524002B1ABD /* Extensions */,
				D2C08AF227056462002B1ABD /* DataBinding */,
				D2520E4C270AD1FD00DD43C4 /* LocalStorage */,
				D2F39E37270C8FDB00E7D0C5 /* Resources */,
				D2E3DFC12702C26500C1F25F /* Info.plist */,
			);
			path = KeasyBoardExtension;
			sourceTree = "<group>";
		};
		D2F39E37270C8FDB00E7D0C5 /* Resources */ = {
			isa = PBXGroup;
			children = (
				D2F39E38270C900000E7D0C5 /* ImageAsset.xcassets */,
			);
			path = Resources;
			sourceTree = "<group>";
		};
		D36A2A5AB7F1950F46553ED0 /* Frameworks */ = {
			isa = PBXGroup;
			children = (
				A38371F5BE8523485E05A76A /* Pods_KeasyBoard.framework */,
				701A7AD35613DA20A9C469F7 /* Pods_KeasyBoardExtension.framework */,
				12D22965F9109A43B9E6DF1E /* Pods_WordBasePopulator.framework */,
			);
			name = Frameworks;
			sourceTree = "<group>";
		};
		F2CB48010647BE92B7A6F83A /* Pods */ = {
			isa = PBXGroup;
			children = (
				48040C229A8CC2DC83A6EF51 /* Pods-KeasyBoard.debug.xcconfig */,
				7F9ADFC3B90069E183EC8B7F /* Pods-KeasyBoard.release.xcconfig */,
				A274684C78F80D50A95CCEFD /* Pods-KeasyBoardExtension.debug.xcconfig */,
				4DF2B6A336E95766490D7FD6 /* Pods-KeasyBoardExtension.release.xcconfig */,
				53E8CF4B6B9CC9AC451CBCA2 /* Pods-WordBasePopulator.debug.xcconfig */,
				8A77B8E0B31321EDDA3C40BB /* Pods-WordBasePopulator.release.xcconfig */,
			);
			name = Pods;
			path = Pods;
			sourceTree = "<group>";
		};
/* End PBXGroup section */

/* Begin PBXNativeTarget section */
		D2520E54270AF80900DD43C4 /* WordBasePopulator */ = {
			isa = PBXNativeTarget;
			buildConfigurationList = D2520E69270AF80A00DD43C4 /* Build configuration list for PBXNativeTarget "WordBasePopulator" */;
			buildPhases = (
				49A60F567221B2EC7AC4CCD5 /* [CP] Check Pods Manifest.lock */,
				D2520E51270AF80900DD43C4 /* Sources */,
				D2520E52270AF80900DD43C4 /* Frameworks */,
				D2520E53270AF80900DD43C4 /* Resources */,
			);
			buildRules = (
			);
			dependencies = (
			);
			name = WordBasePopulator;
			productName = WordBasePopulator;
			productReference = D2520E55270AF80900DD43C4 /* WordBasePopulator.app */;
			productType = "com.apple.product-type.application";
		};
		D2E3DFA12702C18200C1F25F /* KeasyBoard */ = {
			isa = PBXNativeTarget;
			buildConfigurationList = D2E3DFB62702C18400C1F25F /* Build configuration list for PBXNativeTarget "KeasyBoard" */;
			buildPhases = (
				B05E9D1A3D90E18A106E3190 /* [CP] Check Pods Manifest.lock */,
				D2E3DF9E2702C18200C1F25F /* Sources */,
				D2E3DF9F2702C18200C1F25F /* Frameworks */,
				D2E3DFA02702C18200C1F25F /* Resources */,
				D2E3DFC82702C26500C1F25F /* Embed App Extensions */,
				2A009668B09AC1A1F5DC6FCF /* [CP] Embed Pods Frameworks */,
			);
			buildRules = (
			);
			dependencies = (
				D2E3DFC32702C26500C1F25F /* PBXTargetDependency */,
			);
			name = KeasyBoard;
			productName = keasyBoard;
			productReference = D2E3DFA22702C18200C1F25F /* KeasyBoard.app */;
			productType = "com.apple.product-type.application";
		};
		D2E3DFBC2702C26500C1F25F /* KeasyBoardExtension */ = {
			isa = PBXNativeTarget;
			buildConfigurationList = D2E3DFC52702C26500C1F25F /* Build configuration list for PBXNativeTarget "KeasyBoardExtension" */;
			buildPhases = (
				783A0C24AD7AD73593E66613 /* [CP] Check Pods Manifest.lock */,
				D2E3DFB92702C26500C1F25F /* Sources */,
				D2E3DFBA2702C26500C1F25F /* Frameworks */,
				D2E3DFBB2702C26500C1F25F /* Resources */,
			);
			buildRules = (
			);
			dependencies = (
			);
			name = KeasyBoardExtension;
			productName = suchengKeyboard;
			productReference = D2E3DFBD2702C26500C1F25F /* KeasyBoardExtension.appex */;
			productType = "com.apple.product-type.app-extension";
		};
/* End PBXNativeTarget section */

/* Begin PBXProject section */
		D2E3DF9A2702C18200C1F25F /* Project object */ = {
			isa = PBXProject;
			attributes = {
				BuildIndependentTargetsInParallel = 1;
				LastSwiftUpdateCheck = 1300;
				LastUpgradeCheck = 1300;
				TargetAttributes = {
					D2520E54270AF80900DD43C4 = {
						CreatedOnToolsVersion = 13.0;
					};
					D2E3DFA12702C18200C1F25F = {
						CreatedOnToolsVersion = 13.0;
					};
					D2E3DFBC2702C26500C1F25F = {
						CreatedOnToolsVersion = 13.0;
					};
				};
			};
			buildConfigurationList = D2E3DF9D2702C18200C1F25F /* Build configuration list for PBXProject "KeasyBoard" */;
			compatibilityVersion = "Xcode 13.0";
			developmentRegion = en;
			hasScannedForEncodings = 0;
			knownRegions = (
				en,
				Base,
			);
			mainGroup = D2E3DF992702C18200C1F25F;
			productRefGroup = D2E3DFA32702C18200C1F25F /* Products */;
			projectDirPath = "";
			projectRoot = "";
			targets = (
				D2E3DFA12702C18200C1F25F /* KeasyBoard */,
				D2E3DFBC2702C26500C1F25F /* KeasyBoardExtension */,
				D2520E54270AF80900DD43C4 /* WordBasePopulator */,
			);
		};
/* End PBXProject section */

/* Begin PBXResourcesBuildPhase section */
		D2520E53270AF80900DD43C4 /* Resources */ = {
			isa = PBXResourcesBuildPhase;
			buildActionMask = 2147483647;
			files = (
				D2520E67270AF80A00DD43C4 /* LaunchScreen.storyboard in Resources */,
				D2520E70270AF84700DD43C4 /* cangjie.txt in Resources */,
				D2520E6F270AF84700DD43C4 /* simplex.txt in Resources */,
				D2520E64270AF80A00DD43C4 /* Assets.xcassets in Resources */,
				D2520E5F270AF80900DD43C4 /* Main.storyboard in Resources */,
			);
			runOnlyForDeploymentPostprocessing = 0;
		};
		D2E3DFA02702C18200C1F25F /* Resources */ = {
			isa = PBXResourcesBuildPhase;
			buildActionMask = 2147483647;
			files = (
				D2E3DFB22702C18400C1F25F /* LaunchScreen.storyboard in Resources */,
				D2E3DFAF2702C18400C1F25F /* Assets.xcassets in Resources */,
				D2E3DFAD2702C18200C1F25F /* Main.storyboard in Resources */,
			);
			runOnlyForDeploymentPostprocessing = 0;
		};
		D2E3DFBB2702C26500C1F25F /* Resources */ = {
			isa = PBXResourcesBuildPhase;
			buildActionMask = 2147483647;
			files = (
				D2520E8E270C08B500DD43C4 /* Simplex.sqlite in Resources */,
				D2F39E39270C900000E7D0C5 /* ImageAsset.xcassets in Resources */,
				D2520E8D270C08B500DD43C4 /* Simplex.sqlite-wal in Resources */,
				D2C08ADD27030CA2002B1ABD /* Assets.xcassets in Resources */,
				D2520E8C270C08B500DD43C4 /* Simplex.sqlite-shm in Resources */,
			);
			runOnlyForDeploymentPostprocessing = 0;
		};
/* End PBXResourcesBuildPhase section */

/* Begin PBXShellScriptBuildPhase section */
		2A009668B09AC1A1F5DC6FCF /* [CP] Embed Pods Frameworks */ = {
			isa = PBXShellScriptBuildPhase;
			buildActionMask = 2147483647;
			files = (
			);
			inputFileListPaths = (
				"${PODS_ROOT}/Target Support Files/Pods-KeasyBoard/Pods-KeasyBoard-frameworks-${CONFIGURATION}-input-files.xcfilelist",
			);
			name = "[CP] Embed Pods Frameworks";
			outputFileListPaths = (
				"${PODS_ROOT}/Target Support Files/Pods-KeasyBoard/Pods-KeasyBoard-frameworks-${CONFIGURATION}-output-files.xcfilelist",
			);
			runOnlyForDeploymentPostprocessing = 0;
			shellPath = /bin/sh;
			shellScript = "\"${PODS_ROOT}/Target Support Files/Pods-KeasyBoard/Pods-KeasyBoard-frameworks.sh\"\n";
			showEnvVarsInLog = 0;
		};
		49A60F567221B2EC7AC4CCD5 /* [CP] Check Pods Manifest.lock */ = {
			isa = PBXShellScriptBuildPhase;
			buildActionMask = 2147483647;
			files = (
			);
			inputFileListPaths = (
			);
			inputPaths = (
				"${PODS_PODFILE_DIR_PATH}/Podfile.lock",
				"${PODS_ROOT}/Manifest.lock",
			);
			name = "[CP] Check Pods Manifest.lock";
			outputFileListPaths = (
			);
			outputPaths = (
				"$(DERIVED_FILE_DIR)/Pods-WordBasePopulator-checkManifestLockResult.txt",
			);
			runOnlyForDeploymentPostprocessing = 0;
			shellPath = /bin/sh;
			shellScript = "diff \"${PODS_PODFILE_DIR_PATH}/Podfile.lock\" \"${PODS_ROOT}/Manifest.lock\" > /dev/null\nif [ $? != 0 ] ; then\n    # print error to STDERR\n    echo \"error: The sandbox is not in sync with the Podfile.lock. Run 'pod install' or update your CocoaPods installation.\" >&2\n    exit 1\nfi\n# This output is used by Xcode 'outputs' to avoid re-running this script phase.\necho \"SUCCESS\" > \"${SCRIPT_OUTPUT_FILE_0}\"\n";
			showEnvVarsInLog = 0;
		};
		783A0C24AD7AD73593E66613 /* [CP] Check Pods Manifest.lock */ = {
			isa = PBXShellScriptBuildPhase;
			buildActionMask = 2147483647;
			files = (
			);
			inputFileListPaths = (
			);
			inputPaths = (
				"${PODS_PODFILE_DIR_PATH}/Podfile.lock",
				"${PODS_ROOT}/Manifest.lock",
			);
			name = "[CP] Check Pods Manifest.lock";
			outputFileListPaths = (
			);
			outputPaths = (
				"$(DERIVED_FILE_DIR)/Pods-KeasyBoardExtension-checkManifestLockResult.txt",
			);
			runOnlyForDeploymentPostprocessing = 0;
			shellPath = /bin/sh;
			shellScript = "diff \"${PODS_PODFILE_DIR_PATH}/Podfile.lock\" \"${PODS_ROOT}/Manifest.lock\" > /dev/null\nif [ $? != 0 ] ; then\n    # print error to STDERR\n    echo \"error: The sandbox is not in sync with the Podfile.lock. Run 'pod install' or update your CocoaPods installation.\" >&2\n    exit 1\nfi\n# This output is used by Xcode 'outputs' to avoid re-running this script phase.\necho \"SUCCESS\" > \"${SCRIPT_OUTPUT_FILE_0}\"\n";
			showEnvVarsInLog = 0;
		};
		B05E9D1A3D90E18A106E3190 /* [CP] Check Pods Manifest.lock */ = {
			isa = PBXShellScriptBuildPhase;
			buildActionMask = 2147483647;
			files = (
			);
			inputFileListPaths = (
			);
			inputPaths = (
				"${PODS_PODFILE_DIR_PATH}/Podfile.lock",
				"${PODS_ROOT}/Manifest.lock",
			);
			name = "[CP] Check Pods Manifest.lock";
			outputFileListPaths = (
			);
			outputPaths = (
				"$(DERIVED_FILE_DIR)/Pods-KeasyBoard-checkManifestLockResult.txt",
			);
			runOnlyForDeploymentPostprocessing = 0;
			shellPath = /bin/sh;
			shellScript = "diff \"${PODS_PODFILE_DIR_PATH}/Podfile.lock\" \"${PODS_ROOT}/Manifest.lock\" > /dev/null\nif [ $? != 0 ] ; then\n    # print error to STDERR\n    echo \"error: The sandbox is not in sync with the Podfile.lock. Run 'pod install' or update your CocoaPods installation.\" >&2\n    exit 1\nfi\n# This output is used by Xcode 'outputs' to avoid re-running this script phase.\necho \"SUCCESS\" > \"${SCRIPT_OUTPUT_FILE_0}\"\n";
			showEnvVarsInLog = 0;
		};
/* End PBXShellScriptBuildPhase section */

/* Begin PBXSourcesBuildPhase section */
		D2520E51270AF80900DD43C4 /* Sources */ = {
			isa = PBXSourcesBuildPhase;
			buildActionMask = 2147483647;
			files = (
				D2520E75270AFFED00DD43C4 /* Simplex.xcdatamodeld in Sources */,
				D2520E5C270AF80900DD43C4 /* ViewController.swift in Sources */,
				D2520E58270AF80900DD43C4 /* AppDelegate.swift in Sources */,
			);
			runOnlyForDeploymentPostprocessing = 0;
		};
		D2E3DF9E2702C18200C1F25F /* Sources */ = {
			isa = PBXSourcesBuildPhase;
			buildActionMask = 2147483647;
			files = (
				D2E3DFAA2702C18200C1F25F /* ViewController.swift in Sources */,
				D2E3DFA62702C18200C1F25F /* AppDelegate.swift in Sources */,
			);
			runOnlyForDeploymentPostprocessing = 0;
		};
		D2E3DFB92702C26500C1F25F /* Sources */ = {
			isa = PBXSourcesBuildPhase;
			buildActionMask = 2147483647;
			files = (
				D2C08AED27046427002B1ABD /* KeasyKeyPairViewModel.swift in Sources */,
				D2C08AF427056477002B1ABD /* Observable.swift in Sources */,
				D2E3DFCE2702F3A300C1F25F /* KeasyKeyCell.swift in Sources */,
				D2E3DFC02702C26500C1F25F /* KeasyBoardViewController.swift in Sources */,
				D2E3DFCC2702EFF700C1F25F /* KeasyBoard.swift in Sources */,
				D2C08AE427040544002B1ABD /* ArrayExtension.swift in Sources */,
				D2E3DFD22702F8CD00C1F25F /* KeasyBoardViewModel.swift in Sources */,
				D2520E85270BEA0A00DD43C4 /* KeasyWord.swift in Sources */,
				D2C08ADC2702FD4C002B1ABD /* KeasyKeyViewModel.swift in Sources */,
				D2C08AE927045031002B1ABD /* DoubleExtension.swift in Sources */,
				D2C08AEB27045A6C002B1ABD /* KeasyKeyPair.swift in Sources */,
				D2520E4A2705B3CB00DD43C4 /* KeasyFontManager.swift in Sources */,
				D2E3DFD02702F3C900C1F25F /* KeasyKey.swift in Sources */,
				D2520E88270C066200DD43C4 /* IME.xcdatamodeld in Sources */,
				D2C08AF127055A6C002B1ABD /* KeasyBoardRowViewModel.swift in Sources */,
				D2C08AE027040344002B1ABD /* KeasyBoardRow.swift in Sources */,
				D2C08AE727040A02002B1ABD /* KeasySpacingManager.swift in Sources */,
				D2520E482705AAD600DD43C4 /* KeasyStyleManager.swift in Sources */,
				D2F39E362709C36200E7D0C5 /* StringExtension.swift in Sources */,
				D2520E7A270B060A00DD43C4 /* KeasyInputMethodManager.swift in Sources */,
				D2C08AEF27046D67002B1ABD /* ColorExtension.swift in Sources */,
				D2520E4627058E8900DD43C4 /* KeasyBoardView.swift in Sources */,
			);
			runOnlyForDeploymentPostprocessing = 0;
		};
/* End PBXSourcesBuildPhase section */

/* Begin PBXTargetDependency section */
		D2E3DFC32702C26500C1F25F /* PBXTargetDependency */ = {
			isa = PBXTargetDependency;
			target = D2E3DFBC2702C26500C1F25F /* KeasyBoardExtension */;
			targetProxy = D2E3DFC22702C26500C1F25F /* PBXContainerItemProxy */;
		};
/* End PBXTargetDependency section */

/* Begin PBXVariantGroup section */
		D2520E5D270AF80900DD43C4 /* Main.storyboard */ = {
			isa = PBXVariantGroup;
			children = (
				D2520E5E270AF80900DD43C4 /* Base */,
			);
			name = Main.storyboard;
			sourceTree = "<group>";
		};
		D2520E65270AF80A00DD43C4 /* LaunchScreen.storyboard */ = {
			isa = PBXVariantGroup;
			children = (
				D2520E66270AF80A00DD43C4 /* Base */,
			);
			name = LaunchScreen.storyboard;
			sourceTree = "<group>";
		};
		D2E3DFAB2702C18200C1F25F /* Main.storyboard */ = {
			isa = PBXVariantGroup;
			children = (
				D2E3DFAC2702C18200C1F25F /* Base */,
			);
			name = Main.storyboard;
			sourceTree = "<group>";
		};
		D2E3DFB02702C18400C1F25F /* LaunchScreen.storyboard */ = {
			isa = PBXVariantGroup;
			children = (
				D2E3DFB12702C18400C1F25F /* Base */,
			);
			name = LaunchScreen.storyboard;
			sourceTree = "<group>";
		};
/* End PBXVariantGroup section */

/* Begin XCBuildConfiguration section */
		D2520E6A270AF80A00DD43C4 /* Debug */ = {
			isa = XCBuildConfiguration;
			baseConfigurationReference = 53E8CF4B6B9CC9AC451CBCA2 /* Pods-WordBasePopulator.debug.xcconfig */;
			buildSettings = {
				ASSETCATALOG_COMPILER_APPICON_NAME = AppIcon;
				ASSETCATALOG_COMPILER_GLOBAL_ACCENT_COLOR_NAME = AccentColor;
				CODE_SIGN_STYLE = Automatic;
				CURRENT_PROJECT_VERSION = 1;
				DEVELOPMENT_TEAM = 9NQ9QG3G75;
				GENERATE_INFOPLIST_FILE = YES;
				INFOPLIST_FILE = WordBasePopulator/Info.plist;
				INFOPLIST_KEY_UIApplicationSupportsIndirectInputEvents = YES;
				INFOPLIST_KEY_UILaunchStoryboardName = LaunchScreen;
				INFOPLIST_KEY_UIMainStoryboardFile = Main;
				INFOPLIST_KEY_UISupportedInterfaceOrientations_iPad = "UIInterfaceOrientationPortrait UIInterfaceOrientationPortraitUpsideDown UIInterfaceOrientationLandscapeLeft UIInterfaceOrientationLandscapeRight";
				INFOPLIST_KEY_UISupportedInterfaceOrientations_iPhone = "UIInterfaceOrientationPortrait UIInterfaceOrientationLandscapeLeft UIInterfaceOrientationLandscapeRight";
				LD_RUNPATH_SEARCH_PATHS = (
					"$(inherited)",
					"@executable_path/Frameworks",
				);
				MARKETING_VERSION = 1.0;
				PRODUCT_BUNDLE_IDENTIFIER = com.demo.WordBasePopulator;
				PRODUCT_NAME = "$(TARGET_NAME)";
				SWIFT_EMIT_LOC_STRINGS = YES;
				SWIFT_VERSION = 5.0;
				TARGETED_DEVICE_FAMILY = "1,2";
			};
			name = Debug;
		};
		D2520E6B270AF80A00DD43C4 /* Release */ = {
			isa = XCBuildConfiguration;
			baseConfigurationReference = 8A77B8E0B31321EDDA3C40BB /* Pods-WordBasePopulator.release.xcconfig */;
			buildSettings = {
				ASSETCATALOG_COMPILER_APPICON_NAME = AppIcon;
				ASSETCATALOG_COMPILER_GLOBAL_ACCENT_COLOR_NAME = AccentColor;
				CODE_SIGN_STYLE = Automatic;
				CURRENT_PROJECT_VERSION = 1;
				DEVELOPMENT_TEAM = 9NQ9QG3G75;
				GENERATE_INFOPLIST_FILE = YES;
				INFOPLIST_FILE = WordBasePopulator/Info.plist;
				INFOPLIST_KEY_UIApplicationSupportsIndirectInputEvents = YES;
				INFOPLIST_KEY_UILaunchStoryboardName = LaunchScreen;
				INFOPLIST_KEY_UIMainStoryboardFile = Main;
				INFOPLIST_KEY_UISupportedInterfaceOrientations_iPad = "UIInterfaceOrientationPortrait UIInterfaceOrientationPortraitUpsideDown UIInterfaceOrientationLandscapeLeft UIInterfaceOrientationLandscapeRight";
				INFOPLIST_KEY_UISupportedInterfaceOrientations_iPhone = "UIInterfaceOrientationPortrait UIInterfaceOrientationLandscapeLeft UIInterfaceOrientationLandscapeRight";
				LD_RUNPATH_SEARCH_PATHS = (
					"$(inherited)",
					"@executable_path/Frameworks",
				);
				MARKETING_VERSION = 1.0;
				PRODUCT_BUNDLE_IDENTIFIER = com.demo.WordBasePopulator;
				PRODUCT_NAME = "$(TARGET_NAME)";
				SWIFT_EMIT_LOC_STRINGS = YES;
				SWIFT_VERSION = 5.0;
				TARGETED_DEVICE_FAMILY = "1,2";
			};
			name = Release;
		};
		D2E3DFB42702C18400C1F25F /* Debug */ = {
			isa = XCBuildConfiguration;
			buildSettings = {
				ALWAYS_SEARCH_USER_PATHS = NO;
				CLANG_ANALYZER_NONNULL = YES;
				CLANG_ANALYZER_NUMBER_OBJECT_CONVERSION = YES_AGGRESSIVE;
				CLANG_CXX_LANGUAGE_STANDARD = "gnu++17";
				CLANG_CXX_LIBRARY = "libc++";
				CLANG_ENABLE_MODULES = YES;
				CLANG_ENABLE_OBJC_ARC = YES;
				CLANG_ENABLE_OBJC_WEAK = YES;
				CLANG_WARN_BLOCK_CAPTURE_AUTORELEASING = YES;
				CLANG_WARN_BOOL_CONVERSION = YES;
				CLANG_WARN_COMMA = YES;
				CLANG_WARN_CONSTANT_CONVERSION = YES;
				CLANG_WARN_DEPRECATED_OBJC_IMPLEMENTATIONS = YES;
				CLANG_WARN_DIRECT_OBJC_ISA_USAGE = YES_ERROR;
				CLANG_WARN_DOCUMENTATION_COMMENTS = YES;
				CLANG_WARN_EMPTY_BODY = YES;
				CLANG_WARN_ENUM_CONVERSION = YES;
				CLANG_WARN_INFINITE_RECURSION = YES;
				CLANG_WARN_INT_CONVERSION = YES;
				CLANG_WARN_NON_LITERAL_NULL_CONVERSION = YES;
				CLANG_WARN_OBJC_IMPLICIT_RETAIN_SELF = YES;
				CLANG_WARN_OBJC_LITERAL_CONVERSION = YES;
				CLANG_WARN_OBJC_ROOT_CLASS = YES_ERROR;
				CLANG_WARN_QUOTED_INCLUDE_IN_FRAMEWORK_HEADER = YES;
				CLANG_WARN_RANGE_LOOP_ANALYSIS = YES;
				CLANG_WARN_STRICT_PROTOTYPES = YES;
				CLANG_WARN_SUSPICIOUS_MOVE = YES;
				CLANG_WARN_UNGUARDED_AVAILABILITY = YES_AGGRESSIVE;
				CLANG_WARN_UNREACHABLE_CODE = YES;
				CLANG_WARN__DUPLICATE_METHOD_MATCH = YES;
				COPY_PHASE_STRIP = NO;
				DEBUG_INFORMATION_FORMAT = dwarf;
				ENABLE_STRICT_OBJC_MSGSEND = YES;
				ENABLE_TESTABILITY = YES;
				GCC_C_LANGUAGE_STANDARD = gnu11;
				GCC_DYNAMIC_NO_PIC = NO;
				GCC_NO_COMMON_BLOCKS = YES;
				GCC_OPTIMIZATION_LEVEL = 0;
				GCC_PREPROCESSOR_DEFINITIONS = (
					"DEBUG=1",
					"$(inherited)",
				);
				GCC_WARN_64_TO_32_BIT_CONVERSION = YES;
				GCC_WARN_ABOUT_RETURN_TYPE = YES_ERROR;
				GCC_WARN_UNDECLARED_SELECTOR = YES;
				GCC_WARN_UNINITIALIZED_AUTOS = YES_AGGRESSIVE;
				GCC_WARN_UNUSED_FUNCTION = YES;
				GCC_WARN_UNUSED_VARIABLE = YES;
				IPHONEOS_DEPLOYMENT_TARGET = 15.0;
				MTL_ENABLE_DEBUG_INFO = INCLUDE_SOURCE;
				MTL_FAST_MATH = YES;
				ONLY_ACTIVE_ARCH = YES;
				SDKROOT = iphoneos;
				SWIFT_ACTIVE_COMPILATION_CONDITIONS = DEBUG;
				SWIFT_OPTIMIZATION_LEVEL = "-Onone";
			};
			name = Debug;
		};
		D2E3DFB52702C18400C1F25F /* Release */ = {
			isa = XCBuildConfiguration;
			buildSettings = {
				ALWAYS_SEARCH_USER_PATHS = NO;
				CLANG_ANALYZER_NONNULL = YES;
				CLANG_ANALYZER_NUMBER_OBJECT_CONVERSION = YES_AGGRESSIVE;
				CLANG_CXX_LANGUAGE_STANDARD = "gnu++17";
				CLANG_CXX_LIBRARY = "libc++";
				CLANG_ENABLE_MODULES = YES;
				CLANG_ENABLE_OBJC_ARC = YES;
				CLANG_ENABLE_OBJC_WEAK = YES;
				CLANG_WARN_BLOCK_CAPTURE_AUTORELEASING = YES;
				CLANG_WARN_BOOL_CONVERSION = YES;
				CLANG_WARN_COMMA = YES;
				CLANG_WARN_CONSTANT_CONVERSION = YES;
				CLANG_WARN_DEPRECATED_OBJC_IMPLEMENTATIONS = YES;
				CLANG_WARN_DIRECT_OBJC_ISA_USAGE = YES_ERROR;
				CLANG_WARN_DOCUMENTATION_COMMENTS = YES;
				CLANG_WARN_EMPTY_BODY = YES;
				CLANG_WARN_ENUM_CONVERSION = YES;
				CLANG_WARN_INFINITE_RECURSION = YES;
				CLANG_WARN_INT_CONVERSION = YES;
				CLANG_WARN_NON_LITERAL_NULL_CONVERSION = YES;
				CLANG_WARN_OBJC_IMPLICIT_RETAIN_SELF = YES;
				CLANG_WARN_OBJC_LITERAL_CONVERSION = YES;
				CLANG_WARN_OBJC_ROOT_CLASS = YES_ERROR;
				CLANG_WARN_QUOTED_INCLUDE_IN_FRAMEWORK_HEADER = YES;
				CLANG_WARN_RANGE_LOOP_ANALYSIS = YES;
				CLANG_WARN_STRICT_PROTOTYPES = YES;
				CLANG_WARN_SUSPICIOUS_MOVE = YES;
				CLANG_WARN_UNGUARDED_AVAILABILITY = YES_AGGRESSIVE;
				CLANG_WARN_UNREACHABLE_CODE = YES;
				CLANG_WARN__DUPLICATE_METHOD_MATCH = YES;
				COPY_PHASE_STRIP = NO;
				DEBUG_INFORMATION_FORMAT = "dwarf-with-dsym";
				ENABLE_NS_ASSERTIONS = NO;
				ENABLE_STRICT_OBJC_MSGSEND = YES;
				GCC_C_LANGUAGE_STANDARD = gnu11;
				GCC_NO_COMMON_BLOCKS = YES;
				GCC_WARN_64_TO_32_BIT_CONVERSION = YES;
				GCC_WARN_ABOUT_RETURN_TYPE = YES_ERROR;
				GCC_WARN_UNDECLARED_SELECTOR = YES;
				GCC_WARN_UNINITIALIZED_AUTOS = YES_AGGRESSIVE;
				GCC_WARN_UNUSED_FUNCTION = YES;
				GCC_WARN_UNUSED_VARIABLE = YES;
				IPHONEOS_DEPLOYMENT_TARGET = 15.0;
				MTL_ENABLE_DEBUG_INFO = NO;
				MTL_FAST_MATH = YES;
				SDKROOT = iphoneos;
				SWIFT_COMPILATION_MODE = wholemodule;
				SWIFT_OPTIMIZATION_LEVEL = "-O";
				VALIDATE_PRODUCT = YES;
			};
			name = Release;
		};
		D2E3DFB72702C18400C1F25F /* Debug */ = {
			isa = XCBuildConfiguration;
			baseConfigurationReference = 48040C229A8CC2DC83A6EF51 /* Pods-KeasyBoard.debug.xcconfig */;
			buildSettings = {
				ALWAYS_EMBED_SWIFT_STANDARD_LIBRARIES = YES;
				ASSETCATALOG_COMPILER_APPICON_NAME = AppIcon;
				ASSETCATALOG_COMPILER_GLOBAL_ACCENT_COLOR_NAME = AccentColor;
				CODE_SIGN_ENTITLEMENTS = keasyBoard/keasyBoard.entitlements;
				CODE_SIGN_STYLE = Automatic;
				CURRENT_PROJECT_VERSION = 1;
				DEVELOPMENT_TEAM = 9NQ9QG3G75;
				GENERATE_INFOPLIST_FILE = YES;
				INFOPLIST_FILE = keasyBoard/Info.plist;
				INFOPLIST_KEY_UIApplicationSupportsIndirectInputEvents = YES;
				INFOPLIST_KEY_UILaunchStoryboardName = LaunchScreen;
				INFOPLIST_KEY_UIMainStoryboardFile = Main;
				INFOPLIST_KEY_UISupportedInterfaceOrientations_iPad = "UIInterfaceOrientationPortrait UIInterfaceOrientationPortraitUpsideDown UIInterfaceOrientationLandscapeLeft UIInterfaceOrientationLandscapeRight";
				INFOPLIST_KEY_UISupportedInterfaceOrientations_iPhone = "UIInterfaceOrientationPortrait UIInterfaceOrientationLandscapeLeft UIInterfaceOrientationLandscapeRight";
				LD_RUNPATH_SEARCH_PATHS = (
					"$(inherited)",
					"@executable_path/Frameworks",
				);
				MARKETING_VERSION = 1.0;
				PRODUCT_BUNDLE_IDENTIFIER = com.bt.keasyBoard;
				PRODUCT_NAME = "$(TARGET_NAME)";
				SWIFT_EMIT_LOC_STRINGS = YES;
				SWIFT_VERSION = 5.0;
				TARGETED_DEVICE_FAMILY = "1,2";
			};
			name = Debug;
		};
		D2E3DFB82702C18400C1F25F /* Release */ = {
			isa = XCBuildConfiguration;
			baseConfigurationReference = 7F9ADFC3B90069E183EC8B7F /* Pods-KeasyBoard.release.xcconfig */;
			buildSettings = {
				ALWAYS_EMBED_SWIFT_STANDARD_LIBRARIES = YES;
				ASSETCATALOG_COMPILER_APPICON_NAME = AppIcon;
				ASSETCATALOG_COMPILER_GLOBAL_ACCENT_COLOR_NAME = AccentColor;
				CODE_SIGN_ENTITLEMENTS = keasyBoard/keasyBoard.entitlements;
				CODE_SIGN_STYLE = Automatic;
				CURRENT_PROJECT_VERSION = 1;
				DEVELOPMENT_TEAM = 9NQ9QG3G75;
				GENERATE_INFOPLIST_FILE = YES;
				INFOPLIST_FILE = keasyBoard/Info.plist;
				INFOPLIST_KEY_UIApplicationSupportsIndirectInputEvents = YES;
				INFOPLIST_KEY_UILaunchStoryboardName = LaunchScreen;
				INFOPLIST_KEY_UIMainStoryboardFile = Main;
				INFOPLIST_KEY_UISupportedInterfaceOrientations_iPad = "UIInterfaceOrientationPortrait UIInterfaceOrientationPortraitUpsideDown UIInterfaceOrientationLandscapeLeft UIInterfaceOrientationLandscapeRight";
				INFOPLIST_KEY_UISupportedInterfaceOrientations_iPhone = "UIInterfaceOrientationPortrait UIInterfaceOrientationLandscapeLeft UIInterfaceOrientationLandscapeRight";
				LD_RUNPATH_SEARCH_PATHS = (
					"$(inherited)",
					"@executable_path/Frameworks",
				);
				MARKETING_VERSION = 1.0;
				PRODUCT_BUNDLE_IDENTIFIER = com.bt.keasyBoard;
				PRODUCT_NAME = "$(TARGET_NAME)";
				SWIFT_EMIT_LOC_STRINGS = YES;
				SWIFT_VERSION = 5.0;
				TARGETED_DEVICE_FAMILY = "1,2";
			};
			name = Release;
		};
		D2E3DFC62702C26500C1F25F /* Debug */ = {
			isa = XCBuildConfiguration;
			baseConfigurationReference = A274684C78F80D50A95CCEFD /* Pods-KeasyBoardExtension.debug.xcconfig */;
			buildSettings = {
				CODE_SIGN_STYLE = Automatic;
				CURRENT_PROJECT_VERSION = 1;
				DEVELOPMENT_TEAM = 9NQ9QG3G75;
				GENERATE_INFOPLIST_FILE = YES;
				INFOPLIST_FILE = keasyBoardExtension/Info.plist;
				INFOPLIST_KEY_CFBundleDisplayName = KeasyBoardExtension;
				INFOPLIST_KEY_NSHumanReadableCopyright = "";
				LD_RUNPATH_SEARCH_PATHS = (
					"$(inherited)",
					"@executable_path/Frameworks",
					"@executable_path/../../Frameworks",
				);
				MARKETING_VERSION = 1.0;
				PRODUCT_BUNDLE_IDENTIFIER = com.bt.keasyBoard.keasyBoardExtension;
				PRODUCT_NAME = "$(TARGET_NAME)";
				SKIP_INSTALL = YES;
				SWIFT_EMIT_LOC_STRINGS = YES;
				SWIFT_VERSION = 5.0;
				TARGETED_DEVICE_FAMILY = "1,2";
			};
			name = Debug;
		};
		D2E3DFC72702C26500C1F25F /* Release */ = {
			isa = XCBuildConfiguration;
			baseConfigurationReference = 4DF2B6A336E95766490D7FD6 /* Pods-KeasyBoardExtension.release.xcconfig */;
			buildSettings = {
				CODE_SIGN_STYLE = Automatic;
				CURRENT_PROJECT_VERSION = 1;
				DEVELOPMENT_TEAM = 9NQ9QG3G75;
				GENERATE_INFOPLIST_FILE = YES;
				INFOPLIST_FILE = keasyBoardExtension/Info.plist;
				INFOPLIST_KEY_CFBundleDisplayName = KeasyBoardExtension;
				INFOPLIST_KEY_NSHumanReadableCopyright = "";
				LD_RUNPATH_SEARCH_PATHS = (
					"$(inherited)",
					"@executable_path/Frameworks",
					"@executable_path/../../Frameworks",
				);
				MARKETING_VERSION = 1.0;
				PRODUCT_BUNDLE_IDENTIFIER = com.bt.keasyBoard.keasyBoardExtension;
				PRODUCT_NAME = "$(TARGET_NAME)";
				SKIP_INSTALL = YES;
				SWIFT_EMIT_LOC_STRINGS = YES;
				SWIFT_VERSION = 5.0;
				TARGETED_DEVICE_FAMILY = "1,2";
			};
			name = Release;
		};
/* End XCBuildConfiguration section */

/* Begin XCConfigurationList section */
		D2520E69270AF80A00DD43C4 /* Build configuration list for PBXNativeTarget "WordBasePopulator" */ = {
			isa = XCConfigurationList;
			buildConfigurations = (
				D2520E6A270AF80A00DD43C4 /* Debug */,
				D2520E6B270AF80A00DD43C4 /* Release */,
			);
			defaultConfigurationIsVisible = 0;
			defaultConfigurationName = Release;
		};
		D2E3DF9D2702C18200C1F25F /* Build configuration list for PBXProject "KeasyBoard" */ = {
			isa = XCConfigurationList;
			buildConfigurations = (
				D2E3DFB42702C18400C1F25F /* Debug */,
				D2E3DFB52702C18400C1F25F /* Release */,
			);
			defaultConfigurationIsVisible = 0;
			defaultConfigurationName = Release;
		};
		D2E3DFB62702C18400C1F25F /* Build configuration list for PBXNativeTarget "KeasyBoard" */ = {
			isa = XCConfigurationList;
			buildConfigurations = (
				D2E3DFB72702C18400C1F25F /* Debug */,
				D2E3DFB82702C18400C1F25F /* Release */,
			);
			defaultConfigurationIsVisible = 0;
			defaultConfigurationName = Release;
		};
		D2E3DFC52702C26500C1F25F /* Build configuration list for PBXNativeTarget "KeasyBoardExtension" */ = {
			isa = XCConfigurationList;
			buildConfigurations = (
				D2E3DFC62702C26500C1F25F /* Debug */,
				D2E3DFC72702C26500C1F25F /* Release */,
			);
			defaultConfigurationIsVisible = 0;
			defaultConfigurationName = Release;
		};
/* End XCConfigurationList section */

/* Begin XCVersionGroup section */
		D2520E72270AF86400DD43C4 /* Simplex.xcdatamodeld */ = {
			isa = XCVersionGroup;
			children = (
				D2520E73270AF86400DD43C4 /* Model.xcdatamodel */,
			);
			currentVersion = D2520E73270AF86400DD43C4 /* Model.xcdatamodel */;
			path = Simplex.xcdatamodeld;
			sourceTree = "<group>";
			versionGroupType = wrapper.xcdatamodel;
		};
		D2520E86270C066200DD43C4 /* IME.xcdatamodeld */ = {
			isa = XCVersionGroup;
			children = (
				D2520E87270C066200DD43C4 /* Model.xcdatamodel */,
			);
			currentVersion = D2520E87270C066200DD43C4 /* Model.xcdatamodel */;
			path = IME.xcdatamodeld;
			sourceTree = "<group>";
			versionGroupType = wrapper.xcdatamodel;
		};
/* End XCVersionGroup section */
	};
	rootObject = D2E3DF9A2702C18200C1F25F /* Project object */;
}
